
Microsoft Visual Studio Solution File, Format Version 12.00
# Visual Studio Version 17
VisualStudioVersion = 17.0.31903.59
MinimumVisualStudioVersion = 10.0.40219.1
Project("{FAE04EC0-301F-11D3-BF4B-00C04F79EFBC}") = "Blazor101.Client", "Blazor101.Client\Blazor101.Client.csproj", "{34B26122-555F-4122-836E-D0079A964913}"
EndProject
Global
	GlobalSection(SolutionConfigurationPlatforms) = preSolution
		Debug|Any CPU = Debug|Any CPU
		Release|Any CPU = Release|Any CPU
	EndGlobalSection
	GlobalSection(SolutionProperties) = preSolution
		HideSolutionNode = FALSE
	EndGlobalSection
	GlobalSection(ProjectConfigurationPlatforms) = postSolution
		{34B26122-555F-4122-836E-D0079A964913}.Debug|Any CPU.ActiveCfg = Debug|Any CPU
		{34B26122-555F-4122-836E-D0079A964913}.Debug|Any CPU.Build.0 = Debug|Any CPU
		{34B26122-555F-4122-836E-D0079A964913}.Release|Any CPU.ActiveCfg = Release|Any CPU
		{34B26122-555F-4122-836E-D0079A964913}.Release|Any CPU.Build.0 = Release|Any CPU
	EndGlobalSection
EndGlobal
